PODS:
  - app_links (0.0.1):
    - Flutter
  - Flutter (1.0.0)
  - path_provider_ios (0.0.1):
    - Flutter
  - pay_ios (0.0.1):
    - Flutter
  - Stripe (23.1.1):
    - StripeApplePay (= 23.1.1)
    - StripeCore (= 23.1.1)
    - StripePayments (= 23.1.1)
    - StripePaymentsUI (= 23.1.1)
    - StripeUICore (= 23.1.1)
  - stripe_ios (0.0.1):
    - Flutter
    - Stripe (~> 23.1.0)
    - StripeApplePay (~> 23.1.0)
    - StripeFinancialConnections (~> 23.1.0)
    - StripePayments (~> 23.1.0)
    - StripePaymentSheet (~> 23.1.0)
    - StripePaymentsUI (~> 23.1.0)
  - StripeApplePay (23.1.1):
    - StripeCore (= 23.1.1)
  - StripeCore (23.1.1)
  - StripeFinancialConnections (23.1.1):
    - StripeCore (= 23.1.1)
    - StripeUICore (= 23.1.1)
  - StripePayments (23.1.1):
    - StripeCore (= 23.1.1)
    - StripePayments/Stripe3DS2 (= 23.1.1)
  - StripePayments/Stripe3DS2 (23.1.1):
    - StripeCore (= 23.1.1)
  - StripePaymentSheet (23.1.1):
    - StripeApplePay (= 23.1.1)
    - StripeCore (= 23.1.1)
    - StripePayments (= 23.1.1)
    - StripePaymentsUI (= 23.1.1)
  - StripePaymentsUI (23.1.1):
    - StripeCore (= 23.1.1)
    - StripePayments (= 23.1.1)
    - StripeUICore (= 23.1.1)
  - StripeUICore (23.1.1):
    - StripeCore (= 23.1.1)
  - url_launcher_ios (0.0.1):
    - Flutter
  - webview_flutter_wkwebview (0.0.1):
    - Flutter

DEPENDENCIES:
  - app_links (from `.symlinks/plugins/app_links/ios`)
  - Flutter (from `Flutter`)
  - path_provider_ios (from `.symlinks/plugins/path_provider_ios/ios`)
  - pay_ios (from `.symlinks/plugins/pay_ios/ios`)
  - stripe_ios (from `.symlinks/plugins/stripe_ios/ios`)
  - url_launcher_ios (from `.symlinks/plugins/url_launcher_ios/ios`)
  - webview_flutter_wkwebview (from `.symlinks/plugins/webview_flutter_wkwebview/ios`)

SPEC REPOS:
  trunk:
    - Stripe
    - StripeApplePay
    - StripeCore
    - StripeFinancialConnections
    - StripePayments
    - StripePaymentSheet
    - StripePaymentsUI
    - StripeUICore

EXTERNAL SOURCES:
  app_links:
    :path: ".symlinks/plugins/app_links/ios"
  Flutter:
    :path: Flutter
  path_provider_ios:
    :path: ".symlinks/plugins/path_provider_ios/ios"
  pay_ios:
    :path: ".symlinks/plugins/pay_ios/ios"
  stripe_ios:
    :path: ".symlinks/plugins/stripe_ios/ios"
  url_launcher_ios:
    :path: ".symlinks/plugins/url_launcher_ios/ios"
  webview_flutter_wkwebview:
    :path: ".symlinks/plugins/webview_flutter_wkwebview/ios"

SPEC CHECKSUMS:
  app_links: ab4ba54d10a13d45825336bc9707b5eadee81191
  Flutter: f04841e97a9d0b0a8025694d0796dd46242b2854
  path_provider_ios: 14f3d2fd28c4fdb42f44e0f751d12861c43cee02
  pay_ios: 8c7beb9c61d885f3f51b61f75f8793023fc8843a
  Stripe: ff389e265eeffb891b871b62b2fa644e30e69338
  stripe_ios: 728603d6aa71a76f00dd05e202cba7d5b357a4be
  StripeApplePay: 4413b4f21c0206094df20775aa5e8e063b9c8b5d
  StripeCore: 6318dff8f7e42125c6e8b671ac54a6e82804705a
  StripeFinancialConnections: 3586b42043921d46eadf59bb0dcd2ac17ff109f2
  StripePayments: 7e903765860f1cc914041069edc9cf5e202f5ef7
  StripePaymentSheet: 49602fb474a86e7624a082f256fd786b2eac80cb
  StripePaymentsUI: e4b2be5b5b5edb774fc8667a71429194c39ce2a4
  StripeUICore: 149ba9dda3f48dff829d2ebb2e3d455bc59dc0ed
  url_launcher_ios: 839c58cdb4279282219f5e248c3321761ff3c4de
  webview_flutter_wkwebview: b7e70ef1ddded7e69c796c7390ee74180182971f

PODFILE CHECKSUM: cc1f88378b4bfcf93a6ce00d2c587857c6008d3b

COCOAPODS: 1.11.3
